// !$*UTF8*$!
{
	archiveVersion = 1;
	classes = {
	};
	objectVersion = 46;
	objects = {

/* Begin PBXBuildFile section */
		19B2CE5C1DDA839E0075473D /* MapObjectModel.swift in Sources */ = {isa = PBXBuildFile; fileRef = 19B2CE5B1DDA839E0075473D /* MapObjectModel.swift */; };
		19EDD99F1DDC6C6C009F8046 /* UIImage+ScaleToSize.swift in Sources */ = {isa = PBXBuildFile; fileRef = 19EDD99E1DDC6C6C009F8046 /* UIImage+ScaleToSize.swift */; };
		3FBF469D2512EDD205EDADAA /* Pods_EventBuddy.framework in Frameworks */ = {isa = PBXBuildFile; fileRef = ECD7ADBC4CB9EAE910574CEF /* Pods_EventBuddy.framework */; };
		7A0225301DD3B4E000920408 /* TabBarAssets.xcassets in Resources */ = {isa = PBXBuildFile; fileRef = 7A02252F1DD3B4E000920408 /* TabBarAssets.xcassets */; };
		7A0225321DD3BD1000920408 /* GameViewController.swift in Sources */ = {isa = PBXBuildFile; fileRef = 7A0225311DD3BD1000920408 /* GameViewController.swift */; };
		7A0225341DD3BF9400920408 /* RealmAdapter.swift in Sources */ = {isa = PBXBuildFile; fileRef = 7A0225331DD3BF9400920408 /* RealmAdapter.swift */; };
		7A04AF5C1DFA06F9003023ED /* MoreSectionTableViewController.swift in Sources */ = {isa = PBXBuildFile; fileRef = 7A04AF5B1DFA06F9003023ED /* MoreSectionTableViewController.swift */; };
		7A04AF5E1DFA0731003023ED /* MoreSectionTableViewCell.swift in Sources */ = {isa = PBXBuildFile; fileRef = 7A04AF5D1DFA0731003023ED /* MoreSectionTableViewCell.swift */; };
		7A24889F1DBB853500616839 /* AppDelegate.swift in Sources */ = {isa = PBXBuildFile; fileRef = 7A24889E1DBB853500616839 /* AppDelegate.swift */; };
		7A2488A41DBB853500616839 /* Main.storyboard in Resources */ = {isa = PBXBuildFile; fileRef = 7A2488A21DBB853500616839 /* Main.storyboard */; };
		7A2488A61DBB853500616839 /* Assets.xcassets in Resources */ = {isa = PBXBuildFile; fileRef = 7A2488A51DBB853500616839 /* Assets.xcassets */; };
		7A2488A91DBB853500616839 /* LaunchScreen.storyboard in Resources */ = {isa = PBXBuildFile; fileRef = 7A2488A71DBB853500616839 /* LaunchScreen.storyboard */; };
		7A2488B51DBB892100616839 /* MoreTableViewController.swift in Sources */ = {isa = PBXBuildFile; fileRef = 7A2488B41DBB892100616839 /* MoreTableViewController.swift */; };
		7A2488B71DBB8FCB00616839 /* MoreTableViewCell.swift in Sources */ = {isa = PBXBuildFile; fileRef = 7A2488B61DBB8FCB00616839 /* MoreTableViewCell.swift */; };
		7A2488BB1DBBF6EA00616839 /* MapKit.framework in Frameworks */ = {isa = PBXBuildFile; fileRef = 7A2488BA1DBBF6EA00616839 /* MapKit.framework */; };
		7A2488BD1DBBF81600616839 /* MoreHeaderTableViewCell.swift in Sources */ = {isa = PBXBuildFile; fileRef = 7A2488BC1DBBF81600616839 /* MoreHeaderTableViewCell.swift */; };
		7A3CE0781DD77A260043B524 /* ScrollItemView.swift in Sources */ = {isa = PBXBuildFile; fileRef = 7A3CE0771DD77A260043B524 /* ScrollItemView.swift */; };
		7A3CE07A1DD77A510043B524 /* ScrollItemView.xib in Resources */ = {isa = PBXBuildFile; fileRef = 7A3CE0791DD77A510043B524 /* ScrollItemView.xib */; };
		7A3CE07C1DD782430043B524 /* SplashScreenViewController.swift in Sources */ = {isa = PBXBuildFile; fileRef = 7A3CE07B1DD782430043B524 /* SplashScreenViewController.swift */; };
		7A3CE07E1DD78C930043B524 /* TabBarViewController.swift in Sources */ = {isa = PBXBuildFile; fileRef = 7A3CE07D1DD78C930043B524 /* TabBarViewController.swift */; };
		7A3CE0801DD7BDEA0043B524 /* DetailViewController.swift in Sources */ = {isa = PBXBuildFile; fileRef = 7A3CE07F1DD7BDEA0043B524 /* DetailViewController.swift */; };
		7A3CE0861DE81C3A0043B524 /* KeywordTypes.swift in Sources */ = {isa = PBXBuildFile; fileRef = 7A3CE0851DE81C3A0043B524 /* KeywordTypes.swift */; };
		7A3CE08A1DE8207D0043B524 /* Realm+String.swift in Sources */ = {isa = PBXBuildFile; fileRef = 7A3CE0891DE8207D0043B524 /* Realm+String.swift */; };
		7A7BE1211DF0B8660026B406 /* LocationManager.swift in Sources */ = {isa = PBXBuildFile; fileRef = 7A7BE1201DF0B8660026B406 /* LocationManager.swift */; };
		7A7BE1231DF0BA360026B406 /* LocationManagerDelegate.swift in Sources */ = {isa = PBXBuildFile; fileRef = 7A7BE1221DF0BA360026B406 /* LocationManagerDelegate.swift */; };
		7AD947E11DBC0D8F0076714D /* BaseModel.swift in Sources */ = {isa = PBXBuildFile; fileRef = 7AD947E01DBC0D8F0076714D /* BaseModel.swift */; };
		7AD947E41DBC0E870076714D /* GroupModel.swift in Sources */ = {isa = PBXBuildFile; fileRef = 7AD947E31DBC0E870076714D /* GroupModel.swift */; };
		7AD947E61DBC0F250076714D /* SingularObjectModel.swift in Sources */ = {isa = PBXBuildFile; fileRef = 7AD947E51DBC0F250076714D /* SingularObjectModel.swift */; };
		7AEFD7051DF0D32B00C6016E /* EBGestureRecognizer.swift in Sources */ = {isa = PBXBuildFile; fileRef = 7AEFD7041DF0D32B00C6016E /* EBGestureRecognizer.swift */; };
		7AF735111DF482130000FBA1 /* MapViewController.swift in Sources */ = {isa = PBXBuildFile; fileRef = 7AF735101DF482130000FBA1 /* MapViewController.swift */; };
/* End PBXBuildFile section */

/* Begin PBXFileReference section */
		19B2CE5B1DDA839E0075473D /* MapObjectModel.swift */ = {isa = PBXFileReference; fileEncoding = 4; lastKnownFileType = sourcecode.swift; path = MapObjectModel.swift; sourceTree = "<group>"; };
		19EDD99E1DDC6C6C009F8046 /* UIImage+ScaleToSize.swift */ = {isa = PBXFileReference; fileEncoding = 4; lastKnownFileType = sourcecode.swift; name = "UIImage+ScaleToSize.swift"; path = "Extensions/UIImage+ScaleToSize.swift"; sourceTree = "<group>"; };
		25C83D2E373D79010E98A2F8 /* Pods-EventBuddy.debug.xcconfig */ = {isa = PBXFileReference; includeInIndex = 1; lastKnownFileType = text.xcconfig; name = "Pods-EventBuddy.debug.xcconfig"; path = "Pods/Target Support Files/Pods-EventBuddy/Pods-EventBuddy.debug.xcconfig"; sourceTree = "<group>"; };
		7A02252F1DD3B4E000920408 /* TabBarAssets.xcassets */ = {isa = PBXFileReference; lastKnownFileType = folder.assetcatalog; path = TabBarAssets.xcassets; sourceTree = "<group>"; };
		7A0225311DD3BD1000920408 /* GameViewController.swift */ = {isa = PBXFileReference; fileEncoding = 4; lastKnownFileType = sourcecode.swift; name = GameViewController.swift; path = ViewControllers/GameViewController.swift; sourceTree = "<group>"; };
		7A0225331DD3BF9400920408 /* RealmAdapter.swift */ = {isa = PBXFileReference; fileEncoding = 4; lastKnownFileType = sourcecode.swift; name = RealmAdapter.swift; path = Adapters/RealmAdapter.swift; sourceTree = "<group>"; };
		7A04AF5B1DFA06F9003023ED /* MoreSectionTableViewController.swift */ = {isa = PBXFileReference; fileEncoding = 4; lastKnownFileType = sourcecode.swift; name = MoreSectionTableViewController.swift; path = ViewControllers/MoreSectionTableViewController.swift; sourceTree = "<group>"; };
		7A04AF5D1DFA0731003023ED /* MoreSectionTableViewCell.swift */ = {isa = PBXFileReference; fileEncoding = 4; lastKnownFileType = sourcecode.swift; name = MoreSectionTableViewCell.swift; path = Views/MoreSectionTableViewCell.swift; sourceTree = "<group>"; };
		7A24889B1DBB853500616839 /* EventBuddy.app */ = {isa = PBXFileReference; explicitFileType = wrapper.application; includeInIndex = 0; path = EventBuddy.app; sourceTree = BUILT_PRODUCTS_DIR; };
		7A24889E1DBB853500616839 /* AppDelegate.swift */ = {isa = PBXFileReference; lastKnownFileType = sourcecode.swift; path = AppDelegate.swift; sourceTree = "<group>"; };
		7A2488A31DBB853500616839 /* Base */ = {isa = PBXFileReference; lastKnownFileType = file.storyboard; name = Base; path = Base.lproj/Main.storyboard; sourceTree = "<group>"; };
		7A2488A51DBB853500616839 /* Assets.xcassets */ = {isa = PBXFileReference; lastKnownFileType = folder.assetcatalog; path = Assets.xcassets; sourceTree = "<group>"; };
		7A2488A81DBB853500616839 /* Base */ = {isa = PBXFileReference; lastKnownFileType = file.storyboard; name = Base; path = Base.lproj/LaunchScreen.storyboard; sourceTree = "<group>"; };
		7A2488AA1DBB853500616839 /* Info.plist */ = {isa = PBXFileReference; lastKnownFileType = text.plist.xml; path = Info.plist; sourceTree = "<group>"; };
		7A2488B41DBB892100616839 /* MoreTableViewController.swift */ = {isa = PBXFileReference; fileEncoding = 4; lastKnownFileType = sourcecode.swift; name = MoreTableViewController.swift; path = ViewControllers/MoreTableViewController.swift; sourceTree = "<group>"; };
		7A2488B61DBB8FCB00616839 /* MoreTableViewCell.swift */ = {isa = PBXFileReference; fileEncoding = 4; lastKnownFileType = sourcecode.swift; name = MoreTableViewCell.swift; path = Views/MoreTableViewCell.swift; sourceTree = "<group>"; };
		7A2488BA1DBBF6EA00616839 /* MapKit.framework */ = {isa = PBXFileReference; lastKnownFileType = wrapper.framework; name = MapKit.framework; path = System/Library/Frameworks/MapKit.framework; sourceTree = SDKROOT; };
		7A2488BC1DBBF81600616839 /* MoreHeaderTableViewCell.swift */ = {isa = PBXFileReference; fileEncoding = 4; lastKnownFileType = sourcecode.swift; name = MoreHeaderTableViewCell.swift; path = Views/MoreHeaderTableViewCell.swift; sourceTree = "<group>"; };
		7A3CE0771DD77A260043B524 /* ScrollItemView.swift */ = {isa = PBXFileReference; fileEncoding = 4; lastKnownFileType = sourcecode.swift; name = ScrollItemView.swift; path = Views/ScrollItemView.swift; sourceTree = "<group>"; };
		7A3CE0791DD77A510043B524 /* ScrollItemView.xib */ = {isa = PBXFileReference; fileEncoding = 4; lastKnownFileType = file.xib; name = ScrollItemView.xib; path = Views/ScrollItemView.xib; sourceTree = "<group>"; };
		7A3CE07B1DD782430043B524 /* SplashScreenViewController.swift */ = {isa = PBXFileReference; fileEncoding = 4; lastKnownFileType = sourcecode.swift; name = SplashScreenViewController.swift; path = ViewControllers/SplashScreenViewController.swift; sourceTree = "<group>"; };
		7A3CE07D1DD78C930043B524 /* TabBarViewController.swift */ = {isa = PBXFileReference; fileEncoding = 4; lastKnownFileType = sourcecode.swift; name = TabBarViewController.swift; path = ViewControllers/TabBarViewController.swift; sourceTree = "<group>"; };
		7A3CE07F1DD7BDEA0043B524 /* DetailViewController.swift */ = {isa = PBXFileReference; fileEncoding = 4; lastKnownFileType = sourcecode.swift; name = DetailViewController.swift; path = ViewControllers/DetailViewController.swift; sourceTree = "<group>"; };
		7A3CE0851DE81C3A0043B524 /* KeywordTypes.swift */ = {isa = PBXFileReference; fileEncoding = 4; lastKnownFileType = sourcecode.swift; name = KeywordTypes.swift; path = Enums/KeywordTypes.swift; sourceTree = "<group>"; };
		7A3CE0891DE8207D0043B524 /* Realm+String.swift */ = {isa = PBXFileReference; fileEncoding = 4; lastKnownFileType = sourcecode.swift; name = "Realm+String.swift"; path = "Extensions/Realm+String.swift"; sourceTree = "<group>"; };
		7A7BE1201DF0B8660026B406 /* LocationManager.swift */ = {isa = PBXFileReference; fileEncoding = 4; lastKnownFileType = sourcecode.swift; name = LocationManager.swift; path = Models/LocationManager.swift; sourceTree = "<group>"; };
		7A7BE1221DF0BA360026B406 /* LocationManagerDelegate.swift */ = {isa = PBXFileReference; fileEncoding = 4; lastKnownFileType = sourcecode.swift; name = LocationManagerDelegate.swift; path = Models/LocationManagerDelegate.swift; sourceTree = "<group>"; };
		7AD947E01DBC0D8F0076714D /* BaseModel.swift */ = {isa = PBXFileReference; fileEncoding = 4; lastKnownFileType = sourcecode.swift; name = BaseModel.swift; path = Models/BaseModel.swift; sourceTree = "<group>"; };
		7AD947E31DBC0E870076714D /* GroupModel.swift */ = {isa = PBXFileReference; fileEncoding = 4; lastKnownFileType = sourcecode.swift; name = GroupModel.swift; path = Models/GroupModel.swift; sourceTree = "<group>"; };
		7AD947E51DBC0F250076714D /* SingularObjectModel.swift */ = {isa = PBXFileReference; fileEncoding = 4; lastKnownFileType = sourcecode.swift; name = SingularObjectModel.swift; path = Models/SingularObjectModel.swift; sourceTree = "<group>"; };
		7AEFD7041DF0D32B00C6016E /* EBGestureRecognizer.swift */ = {isa = PBXFileReference; fileEncoding = 4; lastKnownFileType = sourcecode.swift; name = EBGestureRecognizer.swift; path = GestureRecognizers/EBGestureRecognizer.swift; sourceTree = "<group>"; };
		7AF735101DF482130000FBA1 /* MapViewController.swift */ = {isa = PBXFileReference; fileEncoding = 4; lastKnownFileType = sourcecode.swift; name = MapViewController.swift; path = ViewControllers/MapViewController.swift; sourceTree = "<group>"; };
		ECD7ADBC4CB9EAE910574CEF /* Pods_EventBuddy.framework */ = {isa = PBXFileReference; explicitFileType = wrapper.framework; includeInIndex = 0; path = Pods_EventBuddy.framework; sourceTree = BUILT_PRODUCTS_DIR; };
		F991EC279FCCE81630A37688 /* Pods-EventBuddy.release.xcconfig */ = {isa = PBXFileReference; includeInIndex = 1; lastKnownFileType = text.xcconfig; name = "Pods-EventBuddy.release.xcconfig"; path = "Pods/Target Support Files/Pods-EventBuddy/Pods-EventBuddy.release.xcconfig"; sourceTree = "<group>"; };
/* End PBXFileReference section */

/* Begin PBXFrameworksBuildPhase section */
		7A2488981DBB853500616839 /* Frameworks */ = {
			isa = PBXFrameworksBuildPhase;
			buildActionMask = 2147483647;
			files = (
				7A2488BB1DBBF6EA00616839 /* MapKit.framework in Frameworks */,
				3FBF469D2512EDD205EDADAA /* Pods_EventBuddy.framework in Frameworks */,
			);
			runOnlyForDeploymentPostprocessing = 0;
		};
/* End PBXFrameworksBuildPhase section */

/* Begin PBXGroup section */
		19EDD99D1DDC6C45009F8046 /* Extensions */ = {
			isa = PBXGroup;
			children = (
				19EDD99E1DDC6C6C009F8046 /* UIImage+ScaleToSize.swift */,
			);
			name = Extensions;
			sourceTree = "<group>";
		};
		3D882EC1790A291C0C7921FE /* Pods */ = {
			isa = PBXGroup;
			children = (
				25C83D2E373D79010E98A2F8 /* Pods-EventBuddy.debug.xcconfig */,
				F991EC279FCCE81630A37688 /* Pods-EventBuddy.release.xcconfig */,
			);
			name = Pods;
			sourceTree = "<group>";
		};
		7A0225351DD3C27300920408 /* Adapters */ = {
			isa = PBXGroup;
			children = (
				7A0225331DD3BF9400920408 /* RealmAdapter.swift */,
			);
			name = Adapters;
			sourceTree = "<group>";
		};
		7A2488921DBB853500616839 = {
			isa = PBXGroup;
			children = (
				7A24889D1DBB853500616839 /* EventBuddy */,
				7A24889C1DBB853500616839 /* Products */,
				7A2488B91DBBF6EA00616839 /* Frameworks */,
				3D882EC1790A291C0C7921FE /* Pods */,
			);
			sourceTree = "<group>";
		};
		7A24889C1DBB853500616839 /* Products */ = {
			isa = PBXGroup;
			children = (
				7A24889B1DBB853500616839 /* EventBuddy.app */,
			);
			name = Products;
			sourceTree = "<group>";
		};
		7A24889D1DBB853500616839 /* EventBuddy */ = {
			isa = PBXGroup;
			children = (
				7AEFD7031DF0D2F600C6016E /* GestureRecognizers */,
				7A3CE0841DE81C110043B524 /* Enums */,
				19EDD99D1DDC6C45009F8046 /* Extensions */,
				7A2488B31DBB85D000616839 /* Assets */,
				7A2488B21DBB85C100616839 /* ViewControllers */,
				7A2488B11DBB85B300616839 /* StoryBoards */,
				7A2488B01DBB85A100616839 /* Supporting files */,
				7A2488B81DBB8FE000616839 /* Views */,
				7AD947E21DBC0D980076714D /* Models */,
				7A0225351DD3C27300920408 /* Adapters */,
			);
			path = EventBuddy;
			sourceTree = "<group>";
		};
		7A2488B01DBB85A100616839 /* Supporting files */ = {
			isa = PBXGroup;
			children = (
				7A2488AA1DBB853500616839 /* Info.plist */,
				7A24889E1DBB853500616839 /* AppDelegate.swift */,
			);
			name = "Supporting files";
			sourceTree = "<group>";
		};
		7A2488B11DBB85B300616839 /* StoryBoards */ = {
			isa = PBXGroup;
			children = (
				7A2488A21DBB853500616839 /* Main.storyboard */,
				7A2488A71DBB853500616839 /* LaunchScreen.storyboard */,
			);
			name = StoryBoards;
			sourceTree = "<group>";
		};
		7A2488B21DBB85C100616839 /* ViewControllers */ = {
			isa = PBXGroup;
			children = (
				7A2488B41DBB892100616839 /* MoreTableViewController.swift */,
				7A04AF5B1DFA06F9003023ED /* MoreSectionTableViewController.swift */,
				7A0225311DD3BD1000920408 /* GameViewController.swift */,
				7A3CE07B1DD782430043B524 /* SplashScreenViewController.swift */,
				7A3CE07D1DD78C930043B524 /* TabBarViewController.swift */,
				7A3CE07F1DD7BDEA0043B524 /* DetailViewController.swift */,
				7AF735101DF482130000FBA1 /* MapViewController.swift */,
			);
			name = ViewControllers;
			sourceTree = "<group>";
		};
		7A2488B31DBB85D000616839 /* Assets */ = {
			isa = PBXGroup;
			children = (
				7A2488A51DBB853500616839 /* Assets.xcassets */,
				7A02252F1DD3B4E000920408 /* TabBarAssets.xcassets */,
			);
			name = Assets;
			sourceTree = "<group>";
		};
		7A2488B81DBB8FE000616839 /* Views */ = {
			isa = PBXGroup;
			children = (
				7A2488B61DBB8FCB00616839 /* MoreTableViewCell.swift */,
				7A04AF5D1DFA0731003023ED /* MoreSectionTableViewCell.swift */,
				7A2488BC1DBBF81600616839 /* MoreHeaderTableViewCell.swift */,
				7A3CE0771DD77A260043B524 /* ScrollItemView.swift */,
				7A3CE0791DD77A510043B524 /* ScrollItemView.xib */,
			);
			name = Views;
			sourceTree = "<group>";
		};
		7A2488B91DBBF6EA00616839 /* Frameworks */ = {
			isa = PBXGroup;
			children = (
				7A2488BA1DBBF6EA00616839 /* MapKit.framework */,
				ECD7ADBC4CB9EAE910574CEF /* Pods_EventBuddy.framework */,
			);
			name = Frameworks;
			sourceTree = "<group>";
		};
		7A3CE0841DE81C110043B524 /* Enums */ = {
			isa = PBXGroup;
			children = (
				7A3CE0851DE81C3A0043B524 /* KeywordTypes.swift */,
			);
			name = Enums;
			sourceTree = "<group>";
		};
		7AD947E21DBC0D980076714D /* Models */ = {
			isa = PBXGroup;
			children = (
				19B2CE5B1DDA839E0075473D /* MapObjectModel.swift */,
				7AD947E01DBC0D8F0076714D /* BaseModel.swift */,
				7AD947E31DBC0E870076714D /* GroupModel.swift */,
				7AD947E51DBC0F250076714D /* SingularObjectModel.swift */,
				7A3CE0891DE8207D0043B524 /* Realm+String.swift */,
				7A7BE1201DF0B8660026B406 /* LocationManager.swift */,
				7A7BE1221DF0BA360026B406 /* LocationManagerDelegate.swift */,
			);
			name = Models;
			sourceTree = "<group>";
		};
		7AEFD7031DF0D2F600C6016E /* GestureRecognizers */ = {
			isa = PBXGroup;
			children = (
				7AEFD7041DF0D32B00C6016E /* EBGestureRecognizer.swift */,
			);
			name = GestureRecognizers;
			sourceTree = "<group>";
		};
/* End PBXGroup section */

/* Begin PBXNativeTarget section */
		7A24889A1DBB853500616839 /* EventBuddy */ = {
			isa = PBXNativeTarget;
			buildConfigurationList = 7A2488AD1DBB853500616839 /* Build configuration list for PBXNativeTarget "EventBuddy" */;
			buildPhases = (
				65F79EDB69F2C141D40A5D4F /* [CP] Check Pods Manifest.lock */,
				7A2488971DBB853500616839 /* Sources */,
				7A2488981DBB853500616839 /* Frameworks */,
				7A2488991DBB853500616839 /* Resources */,
				B377D7188B033B7FBAB18003 /* [CP] Embed Pods Frameworks */,
				3DA6AB029EA2AA56FC2E9025 /* [CP] Copy Pods Resources */,
			);
			buildRules = (
			);
			dependencies = (
			);
			name = EventBuddy;
			productName = EventBuddy;
			productReference = 7A24889B1DBB853500616839 /* EventBuddy.app */;
			productType = "com.apple.product-type.application";
		};
/* End PBXNativeTarget section */

/* Begin PBXProject section */
		7A2488931DBB853500616839 /* Project object */ = {
			isa = PBXProject;
			attributes = {
				LastSwiftUpdateCheck = 0800;
				LastUpgradeCheck = 0800;
				ORGANIZATIONNAME = "Axel Nowaczyk";
				TargetAttributes = {
					7A24889A1DBB853500616839 = {
						CreatedOnToolsVersion = 8.0;
						DevelopmentTeam = 42H8FWNPQW;
						ProvisioningStyle = Automatic;
						SystemCapabilities = {
							com.apple.Maps.iOS = {
								enabled = 1;
							};
						};
					};
				};
			};
			buildConfigurationList = 7A2488961DBB853500616839 /* Build configuration list for PBXProject "EventBuddy" */;
			compatibilityVersion = "Xcode 3.2";
			developmentRegion = English;
			hasScannedForEncodings = 0;
			knownRegions = (
				en,
				Base,
			);
			mainGroup = 7A2488921DBB853500616839;
			productRefGroup = 7A24889C1DBB853500616839 /* Products */;
			projectDirPath = "";
			projectRoot = "";
			targets = (
				7A24889A1DBB853500616839 /* EventBuddy */,
			);
		};
/* End PBXProject section */

/* Begin PBXResourcesBuildPhase section */
		7A2488991DBB853500616839 /* Resources */ = {
			isa = PBXResourcesBuildPhase;
			buildActionMask = 2147483647;
			files = (
				7A0225301DD3B4E000920408 /* TabBarAssets.xcassets in Resources */,
				7A2488A91DBB853500616839 /* LaunchScreen.storyboard in Resources */,
				7A2488A61DBB853500616839 /* Assets.xcassets in Resources */,
				7A3CE07A1DD77A510043B524 /* ScrollItemView.xib in Resources */,
				7A2488A41DBB853500616839 /* Main.storyboard in Resources */,
			);
			runOnlyForDeploymentPostprocessing = 0;
		};
/* End PBXResourcesBuildPhase section */

/* Begin PBXShellScriptBuildPhase section */
		3DA6AB029EA2AA56FC2E9025 /* [CP] Copy Pods Resources */ = {
			isa = PBXShellScriptBuildPhase;
			buildActionMask = 2147483647;
			files = (
			);
			inputPaths = (
			);
			name = "[CP] Copy Pods Resources";
			outputPaths = (
			);
			runOnlyForDeploymentPostprocessing = 0;
			shellPath = /bin/sh;
			shellScript = "\"${SRCROOT}/Pods/Target Support Files/Pods-EventBuddy/Pods-EventBuddy-resources.sh\"\n";
			showEnvVarsInLog = 0;
		};
		65F79EDB69F2C141D40A5D4F /* [CP] Check Pods Manifest.lock */ = {
			isa = PBXShellScriptBuildPhase;
			buildActionMask = 2147483647;
			files = (
			);
			inputPaths = (
			);
			name = "[CP] Check Pods Manifest.lock";
			outputPaths = (
			);
			runOnlyForDeploymentPostprocessing = 0;
			shellPath = /bin/sh;
			shellScript = "diff \"${PODS_ROOT}/../Podfile.lock\" \"${PODS_ROOT}/Manifest.lock\" > /dev/null\nif [[ $? != 0 ]] ; then\n    cat << EOM\nerror: The sandbox is not in sync with the Podfile.lock. Run 'pod install' or update your CocoaPods installation.\nEOM\n    exit 1\nfi\n";
			showEnvVarsInLog = 0;
		};
		B377D7188B033B7FBAB18003 /* [CP] Embed Pods Frameworks */ = {
			isa = PBXShellScriptBuildPhase;
			buildActionMask = 2147483647;
			files = (
			);
			inputPaths = (
			);
			name = "[CP] Embed Pods Frameworks";
			outputPaths = (
			);
			runOnlyForDeploymentPostprocessing = 0;
			shellPath = /bin/sh;
			shellScript = "\"${SRCROOT}/Pods/Target Support Files/Pods-EventBuddy/Pods-EventBuddy-frameworks.sh\"\n";
			showEnvVarsInLog = 0;
		};
/* End PBXShellScriptBuildPhase section */

/* Begin PBXSourcesBuildPhase section */
		7A2488971DBB853500616839 /* Sources */ = {
			isa = PBXSourcesBuildPhase;
			buildActionMask = 2147483647;
			files = (
				7A3CE0801DD7BDEA0043B524 /* DetailViewController.swift in Sources */,
				7A2488B51DBB892100616839 /* MoreTableViewController.swift in Sources */,
				7A2488B71DBB8FCB00616839 /* MoreTableViewCell.swift in Sources */,
				7A04AF5E1DFA0731003023ED /* MoreSectionTableViewCell.swift in Sources */,
				19B2CE5C1DDA839E0075473D /* MapObjectModel.swift in Sources */,
				7A3CE0781DD77A260043B524 /* ScrollItemView.swift in Sources */,
				7A24889F1DBB853500616839 /* AppDelegate.swift in Sources */,
				7A7BE1231DF0BA360026B406 /* LocationManagerDelegate.swift in Sources */,
				7A3CE08A1DE8207D0043B524 /* Realm+String.swift in Sources */,
				19EDD99F1DDC6C6C009F8046 /* UIImage+ScaleToSize.swift in Sources */,
				7A7BE1211DF0B8660026B406 /* LocationManager.swift in Sources */,
				7A3CE0861DE81C3A0043B524 /* KeywordTypes.swift in Sources */,
				7A3CE07E1DD78C930043B524 /* TabBarViewController.swift in Sources */,
				7A2488BD1DBBF81600616839 /* MoreHeaderTableViewCell.swift in Sources */,
				7AF735111DF482130000FBA1 /* MapViewController.swift in Sources */,
				7A3CE07C1DD782430043B524 /* SplashScreenViewController.swift in Sources */,
				7AEFD7051DF0D32B00C6016E /* EBGestureRecognizer.swift in Sources */,
				7A0225321DD3BD1000920408 /* GameViewController.swift in Sources */,
				7AD947E11DBC0D8F0076714D /* BaseModel.swift in Sources */,
				7AD947E41DBC0E870076714D /* GroupModel.swift in Sources */,
				7A04AF5C1DFA06F9003023ED /* MoreSectionTableViewController.swift in Sources */,
				7AD947E61DBC0F250076714D /* SingularObjectModel.swift in Sources */,
				7A0225341DD3BF9400920408 /* RealmAdapter.swift in Sources */,
			);
			runOnlyForDeploymentPostprocessing = 0;
		};
/* End PBXSourcesBuildPhase section */

/* Begin PBXVariantGroup section */
		7A2488A21DBB853500616839 /* Main.storyboard */ = {
			isa = PBXVariantGroup;
			children = (
				7A2488A31DBB853500616839 /* Base */,
			);
			name = Main.storyboard;
			sourceTree = "<group>";
		};
		7A2488A71DBB853500616839 /* LaunchScreen.storyboard */ = {
			isa = PBXVariantGroup;
			children = (
				7A2488A81DBB853500616839 /* Base */,
			);
			name = LaunchScreen.storyboard;
			sourceTree = "<group>";
		};
/* End PBXVariantGroup section */

/* Begin XCBuildConfiguration section */
		7A2488AB1DBB853500616839 /* Debug */ = {
			isa = XCBuildConfiguration;
			buildSettings = {
				ALWAYS_SEARCH_USER_PATHS = NO;
				CLANG_ANALYZER_NONNULL = YES;
				CLANG_CXX_LANGUAGE_STANDARD = "gnu++0x";
				CLANG_CXX_LIBRARY = "libc++";
				CLANG_ENABLE_MODULES = YES;
				CLANG_ENABLE_OBJC_ARC = YES;
				CLANG_WARN_BOOL_CONVERSION = YES;
				CLANG_WARN_CONSTANT_CONVERSION = YES;
				CLANG_WARN_DIRECT_OBJC_ISA_USAGE = YES_ERROR;
				CLANG_WARN_DOCUMENTATION_COMMENTS = YES;
				CLANG_WARN_EMPTY_BODY = YES;
				CLANG_WARN_ENUM_CONVERSION = YES;
				CLANG_WARN_INFINITE_RECURSION = YES;
				CLANG_WARN_INT_CONVERSION = YES;
				CLANG_WARN_OBJC_ROOT_CLASS = YES_ERROR;
				CLANG_WARN_SUSPICIOUS_MOVE = YES;
				CLANG_WARN_SUSPICIOUS_MOVES = YES;
				CLANG_WARN_UNREACHABLE_CODE = YES;
				CLANG_WARN__DUPLICATE_METHOD_MATCH = YES;
				"CODE_SIGN_IDENTITY[sdk=iphoneos*]" = "iPhone Developer";
				COPY_PHASE_STRIP = NO;
				DEBUG_INFORMATION_FORMAT = dwarf;
				ENABLE_STRICT_OBJC_MSGSEND = YES;
				ENABLE_TESTABILITY = YES;
				GCC_C_LANGUAGE_STANDARD = gnu99;
				GCC_DYNAMIC_NO_PIC = NO;
				GCC_NO_COMMON_BLOCKS = YES;
				GCC_OPTIMIZATION_LEVEL = 0;
				GCC_PREPROCESSOR_DEFINITIONS = (
					"DEBUG=1",
					"$(inherited)",
				);
				GCC_WARN_64_TO_32_BIT_CONVERSION = YES;
				GCC_WARN_ABOUT_RETURN_TYPE = YES_ERROR;
				GCC_WARN_UNDECLARED_SELECTOR = YES;
				GCC_WARN_UNINITIALIZED_AUTOS = YES_AGGRESSIVE;
				GCC_WARN_UNUSED_FUNCTION = YES;
				GCC_WARN_UNUSED_VARIABLE = YES;
				IPHONEOS_DEPLOYMENT_TARGET = 10.0;
				MTL_ENABLE_DEBUG_INFO = YES;
				ONLY_ACTIVE_ARCH = YES;
				SDKROOT = iphoneos;
				SWIFT_ACTIVE_COMPILATION_CONDITIONS = DEBUG;
				SWIFT_OPTIMIZATION_LEVEL = "-Onone";
			};
			name = Debug;
		};
		7A2488AC1DBB853500616839 /* Release */ = {
			isa = XCBuildConfiguration;
			buildSettings = {
				ALWAYS_SEARCH_USER_PATHS = NO;
				CLANG_ANALYZER_NONNULL = YES;
				CLANG_CXX_LANGUAGE_STANDARD = "gnu++0x";
				CLANG_CXX_LIBRARY = "libc++";
				CLANG_ENABLE_MODULES = YES;
				CLANG_ENABLE_OBJC_ARC = YES;
				CLANG_WARN_BOOL_CONVERSION = YES;
				CLANG_WARN_CONSTANT_CONVERSION = YES;
				CLANG_WARN_DIRECT_OBJC_ISA_USAGE = YES_ERROR;
				CLANG_WARN_DOCUMENTATION_COMMENTS = YES;
				CLANG_WARN_EMPTY_BODY = YES;
				CLANG_WARN_ENUM_CONVERSION = YES;
				CLANG_WARN_INFINITE_RECURSION = YES;
				CLANG_WARN_INT_CONVERSION = YES;
				CLANG_WARN_OBJC_ROOT_CLASS = YES_ERROR;
				CLANG_WARN_SUSPICIOUS_MOVE = YES;
				CLANG_WARN_SUSPICIOUS_MOVES = YES;
				CLANG_WARN_UNREACHABLE_CODE = YES;
				CLANG_WARN__DUPLICATE_METHOD_MATCH = YES;
				"CODE_SIGN_IDENTITY[sdk=iphoneos*]" = "iPhone Developer";
				COPY_PHASE_STRIP = NO;
				DEBUG_INFORMATION_FORMAT = "dwarf-with-dsym";
				ENABLE_NS_ASSERTIONS = NO;
				ENABLE_STRICT_OBJC_MSGSEND = YES;
				GCC_C_LANGUAGE_STANDARD = gnu99;
				GCC_NO_COMMON_BLOCKS = YES;
				GCC_WARN_64_TO_32_BIT_CONVERSION = YES;
				GCC_WARN_ABOUT_RETURN_TYPE = YES_ERROR;
				GCC_WARN_UNDECLARED_SELECTOR = YES;
				GCC_WARN_UNINITIALIZED_AUTOS = YES_AGGRESSIVE;
				GCC_WARN_UNUSED_FUNCTION = YES;
				GCC_WARN_UNUSED_VARIABLE = YES;
				IPHONEOS_DEPLOYMENT_TARGET = 10.0;
				MTL_ENABLE_DEBUG_INFO = NO;
				SDKROOT = iphoneos;
				SWIFT_OPTIMIZATION_LEVEL = "-Owholemodule";
				VALIDATE_PRODUCT = YES;
			};
			name = Release;
		};
		7A2488AE1DBB853500616839 /* Debug */ = {
			isa = XCBuildConfiguration;
			baseConfigurationReference = 25C83D2E373D79010E98A2F8 /* Pods-EventBuddy.debug.xcconfig */;
			buildSettings = {
				ALWAYS_EMBED_SWIFT_STANDARD_LIBRARIES = YES;
				ASSETCATALOG_COMPILER_APPICON_NAME = AppIcon;
				DEVELOPMENT_TEAM = 42H8FWNPQW;
				INFOPLIST_FILE = EventBuddy/Info.plist;
				LD_RUNPATH_SEARCH_PATHS = "$(inherited) @executable_path/Frameworks";
				PRODUCT_BUNDLE_IDENTIFIER = EventBuddy;
				PRODUCT_NAME = "$(TARGET_NAME)";
				SWIFT_VERSION = 3.0;
			};
			name = Debug;
		};
		7A2488AF1DBB853500616839 /* Release */ = {
			isa = XCBuildConfiguration;
			baseConfigurationReference = F991EC279FCCE81630A37688 /* Pods-EventBuddy.release.xcconfig */;
			buildSettings = {
				ALWAYS_EMBED_SWIFT_STANDARD_LIBRARIES = YES;
				ASSETCATALOG_COMPILER_APPICON_NAME = AppIcon;
				DEVELOPMENT_TEAM = 42H8FWNPQW;
				INFOPLIST_FILE = EventBuddy/Info.plist;
				LD_RUNPATH_SEARCH_PATHS = "$(inherited) @executable_path/Frameworks";
				PRODUCT_BUNDLE_IDENTIFIER = EventBuddy;
				PRODUCT_NAME = "$(TARGET_NAME)";
				SWIFT_VERSION = 3.0;
			};
			name = Release;
		};
/* End XCBuildConfiguration section */

/* Begin XCConfigurationList section */
		7A2488961DBB853500616839 /* Build configuration list for PBXProject "EventBuddy" */ = {
			isa = XCConfigurationList;
			buildConfigurations = (
				7A2488AB1DBB853500616839 /* Debug */,
				7A2488AC1DBB853500616839 /* Release */,
			);
			defaultConfigurationIsVisible = 0;
			defaultConfigurationName = Release;
		};
		7A2488AD1DBB853500616839 /* Build configuration list for PBXNativeTarget "EventBuddy" */ = {
			isa = XCConfigurationList;
			buildConfigurations = (
				7A2488AE1DBB853500616839 /* Debug */,
				7A2488AF1DBB853500616839 /* Release */,
			);
			defaultConfigurationIsVisible = 0;
			defaultConfigurationName = Release;
		};
/* End XCConfigurationList section */
	};
	rootObject = 7A2488931DBB853500616839 /* Project object */;
}
